<?xml version="1.0" encoding="utf-8"?>
<Project ToolsVersion="4.0" xmlns="http://schemas.microsoft.com/developer/msbuild/2003">
  <ItemGroup>
    <Filter Include="source">
      <UniqueIdentifier>{5c9b4d1e-e53f-47b0-8db7-8318246e3d5c}</UniqueIdentifier>
    </Filter>
    <Filter Include="headers">
      <UniqueIdentifier>{b39d370d-4a12-4f48-af75-b58b2c1df747}</UniqueIdentifier>
    </Filter>
    <Filter Include="headers\Body">
      <UniqueIdentifier>{bc5623c5-12af-4cce-a755-7a84c472157e}</UniqueIdentifier>
    </Filter>
    <Filter Include="headers\Body\base">
      <UniqueIdentifier>{06554307-06bc-4883-afea-456c07717b1c}</UniqueIdentifier>
    </Filter>
    <Filter Include="headers\Objects">
      <UniqueIdentifier>{df3edb3d-f44d-4107-bc4e-9e38c339b9d3}</UniqueIdentifier>
    </Filter>
    <Filter Include="headers\Objects\basic">
      <UniqueIdentifier>{412814b9-1f21-42bb-9056-33f2cb6ae981}</UniqueIdentifier>
    </Filter>
    <Filter Include="headers\Objects\Complex">
      <UniqueIdentifier>{84f61029-5d03-40df-a68d-d228eacbec9e}</UniqueIdentifier>
    </Filter>
    <Filter Include="headers\Objects\Join">
      <UniqueIdentifier>{56f61b9e-b95d-4d65-9b02-89bbbe966912}</UniqueIdentifier>
    </Filter>
    <Filter Include="headers\Contact">
      <UniqueIdentifier>{d6525ae6-129a-4f46-a4f5-53d7ec359883}</UniqueIdentifier>
    </Filter>
    <Filter Include="source\Body">
      <UniqueIdentifier>{f5a850df-44cf-4b57-8749-808a3f19010d}</UniqueIdentifier>
    </Filter>
    <Filter Include="source\Contact">
      <UniqueIdentifier>{bf6cafbd-2323-42e1-bc84-d3d0e9ce1291}</UniqueIdentifier>
    </Filter>
    <Filter Include="source\Object">
      <UniqueIdentifier>{d5f6e909-014b-412e-8c9a-2fd6b70f3e88}</UniqueIdentifier>
    </Filter>
    <Filter Include="source\Body\Base">
      <UniqueIdentifier>{91c384db-af60-4dca-8d27-ffa2ade57d5f}</UniqueIdentifier>
    </Filter>
    <Filter Include="source\Object\basic">
      <UniqueIdentifier>{c53d485c-895a-4a25-a8f6-8ca6d568ad2f}</UniqueIdentifier>
    </Filter>
    <Filter Include="source\Object\Complex">
      <UniqueIdentifier>{26f3223d-02b2-4544-ad6f-9ed36a41cb73}</UniqueIdentifier>
    </Filter>
    <Filter Include="source\Object\Join">
      <UniqueIdentifier>{0f1f710d-1e15-46af-8411-23133963be1d}</UniqueIdentifier>
    </Filter>
    <Filter Include="headers\Debug">
      <UniqueIdentifier>{7e2ebce7-d284-46a4-85a1-e79efc03330e}</UniqueIdentifier>
    </Filter>
    <Filter Include="source\Debug">
      <UniqueIdentifier>{da198723-48d6-4cbf-8659-f2409b3937b1}</UniqueIdentifier>
    </Filter>
  </ItemGroup>
  <ItemGroup>
    <ClCompile Include="..\..\code\source\main.cpp">
      <Filter>source</Filter>
    </ClCompile>
    <ClCompile Include="..\..\code\source\World.cpp">
      <Filter>source</Filter>
    </ClCompile>
    <ClCompile Include="..\..\code\source\Scene.cpp">
      <Filter>source</Filter>
    </ClCompile>
    <ClCompile Include="..\..\code\source\ContactHandler.cpp">
      <Filter>source\Contact</Filter>
    </ClCompile>
    <ClCompile Include="..\..\code\source\BallDynamic.cpp">
      <Filter>source\Object\basic</Filter>
    </ClCompile>
    <ClCompile Include="..\..\code\source\Body.cpp">
      <Filter>source\Body\Base</Filter>
    </ClCompile>
    <ClCompile Include="..\..\code\source\Car.cpp">
      <Filter>source\Object\Complex</Filter>
    </ClCompile>
    <ClCompile Include="..\..\code\source\DynamicBody.cpp">
      <Filter>source\Body</Filter>
    </ClCompile>
    <ClCompile Include="..\..\code\source\KinematicBody.cpp">
      <Filter>source\Body</Filter>
    </ClCompile>
    <ClCompile Include="..\..\code\source\RectangleDynamic.cpp">
      <Filter>source\Object\basic</Filter>
    </ClCompile>
    <ClCompile Include="..\..\code\source\RectangleKinematic.cpp">
      <Filter>source\Object\basic</Filter>
    </ClCompile>
    <ClCompile Include="..\..\code\source\RectangleStatic.cpp">
      <Filter>source\Object\basic</Filter>
    </ClCompile>
    <ClCompile Include="..\..\code\source\RotationTorque.cpp">
      <Filter>source\Object\Join</Filter>
    </ClCompile>
    <ClCompile Include="..\..\code\source\StaticBody.cpp">
      <Filter>source\Body</Filter>
    </ClCompile>
    <ClCompile Include="..\..\code\source\Windmill.cpp">
      <Filter>source\Object\Complex</Filter>
    </ClCompile>
    <ClCompile Include="..\..\code\source\Chasis.cpp">
      <Filter>source\Object\Complex</Filter>
    </ClCompile>
    <ClCompile Include="..\..\code\source\Wheel.cpp">
      <Filter>source\Object\Complex</Filter>
    </ClCompile>
    <ClCompile Include="..\..\code\source\SFMLDebugDraw.cpp">
      <Filter>source\Debug</Filter>
    </ClCompile>
    <ClCompile Include="..\..\code\source\Elevator.cpp">
      <Filter>source\Object\Complex</Filter>
    </ClCompile>
  </ItemGroup>
  <ItemGroup>
    <ClInclude Include="..\..\code\headers\World.hpp">
      <Filter>headers</Filter>
    </ClInclude>
    <ClInclude Include="..\..\code\headers\Body.hpp">
      <Filter>headers\Body\base</Filter>
    </ClInclude>
    <ClInclude Include="..\..\code\headers\StaticBody.hpp">
      <Filter>headers\Body</Filter>
    </ClInclude>
    <ClInclude Include="..\..\code\headers\DynamicBody.hpp">
      <Filter>headers\Body</Filter>
    </ClInclude>
    <ClInclude Include="..\..\code\headers\KinematicBody.hpp">
      <Filter>headers\Body</Filter>
    </ClInclude>
    <ClInclude Include="..\..\code\headers\BallDynamic.hpp">
      <Filter>headers\Objects\basic</Filter>
    </ClInclude>
    <ClInclude Include="..\..\code\headers\RectangleDynamic.hpp">
      <Filter>headers\Objects\basic</Filter>
    </ClInclude>
    <ClInclude Include="..\..\code\headers\RectangleKinematic.hpp">
      <Filter>headers\Objects\basic</Filter>
    </ClInclude>
    <ClInclude Include="..\..\code\headers\RectangleStatic.hpp">
      <Filter>headers\Objects\basic</Filter>
    </ClInclude>
    <ClInclude Include="..\..\code\headers\Car.hpp">
      <Filter>headers\Objects\Complex</Filter>
    </ClInclude>
    <ClInclude Include="..\..\code\headers\Windmill.hpp">
      <Filter>headers\Objects\Complex</Filter>
    </ClInclude>
    <ClInclude Include="..\..\code\headers\RotationTorque.hpp">
      <Filter>headers\Objects\Join</Filter>
    </ClInclude>
    <ClInclude Include="..\..\code\headers\ContactHandler.hpp">
      <Filter>headers\Contact</Filter>
    </ClInclude>
    <ClInclude Include="..\..\code\headers\Scene.hpp">
      <Filter>headers</Filter>
    </ClInclude>
    <ClInclude Include="..\..\code\headers\Wheel.hpp">
      <Filter>headers\Objects\Complex</Filter>
    </ClInclude>
    <ClInclude Include="..\..\code\headers\Chasis.hpp">
      <Filter>headers\Objects\Complex</Filter>
    </ClInclude>
    <ClInclude Include="..\..\code\headers\SFMLDebugDraw.h">
      <Filter>headers\Debug</Filter>
    </ClInclude>
    <ClInclude Include="..\..\code\headers\Elevator.hpp">
      <Filter>headers\Objects\Complex</Filter>
    </ClInclude>
  </ItemGroup>
</Project>